// !$*UTF8*$!
{
	archiveVersion = 1;
	classes = {
	};
	objectVersion = 56;
	objects = {

/* Begin PBXBuildFile section */
		FA5B32A82C4D70A400FB733A /* LandmarksApp.swift in Sources */ = {isa = PBXBuildFile; fileRef = FA5B32A72C4D70A400FB733A /* LandmarksApp.swift */; };
		FA5B32AA2C4D70A400FB733A /* ContentView.swift in Sources */ = {isa = PBXBuildFile; fileRef = FA5B32A92C4D70A400FB733A /* ContentView.swift */; };
		FA5B32AC2C4D70A600FB733A /* Assets.xcassets in Resources */ = {isa = PBXBuildFile; fileRef = FA5B32AB2C4D70A600FB733A /* Assets.xcassets */; };
		FA5B32AF2C4D70A600FB733A /* Preview Assets.xcassets in Resources */ = {isa = PBXBuildFile; fileRef = FA5B32AE2C4D70A600FB733A /* Preview Assets.xcassets */; };
		FA5B32B62C4D74BB00FB733A /* CircleImage.swift in Sources */ = {isa = PBXBuildFile; fileRef = FA5B32B52C4D74BB00FB733A /* CircleImage.swift */; };
		FA5B32B82C4D778E00FB733A /* MapView.swift in Sources */ = {isa = PBXBuildFile; fileRef = FA5B32B72C4D778E00FB733A /* MapView.swift */; };
		FA5B32BA2C4D7CA700FB733A /* landmarkData.json in Resources */ = {isa = PBXBuildFile; fileRef = FA5B32B92C4D7CA700FB733A /* landmarkData.json */; };
		FA5B32BC2C4D7CC600FB733A /* Landmark.swift in Sources */ = {isa = PBXBuildFile; fileRef = FA5B32BB2C4D7CC600FB733A /* Landmark.swift */; };
		FA5B32BE2C4D7FDA00FB733A /* ModelData.swift in Sources */ = {isa = PBXBuildFile; fileRef = FA5B32BD2C4D7FDA00FB733A /* ModelData.swift */; };
		FA5B32C32C4D833D00FB733A /* LandmarkRow.swift in Sources */ = {isa = PBXBuildFile; fileRef = FA5B32C22C4D833D00FB733A /* LandmarkRow.swift */; };
		FA5B32C72C4D896300FB733A /* LandmarkList.swift in Sources */ = {isa = PBXBuildFile; fileRef = FA5B32C62C4D896300FB733A /* LandmarkList.swift */; };
		FA5B32C92C4D8C2E00FB733A /* LandmarkDetail.swift in Sources */ = {isa = PBXBuildFile; fileRef = FA5B32C82C4D8C2E00FB733A /* LandmarkDetail.swift */; };
/* End PBXBuildFile section */

/* Begin PBXFileReference section */
		FA5B32A42C4D70A400FB733A /* Landmarks.app */ = {isa = PBXFileReference; explicitFileType = wrapper.application; includeInIndex = 0; path = Landmarks.app; sourceTree = BUILT_PRODUCTS_DIR; };
		FA5B32A72C4D70A400FB733A /* LandmarksApp.swift */ = {isa = PBXFileReference; lastKnownFileType = sourcecode.swift; path = LandmarksApp.swift; sourceTree = "<group>"; };
		FA5B32A92C4D70A400FB733A /* ContentView.swift */ = {isa = PBXFileReference; lastKnownFileType = sourcecode.swift; path = ContentView.swift; sourceTree = "<group>"; };
		FA5B32AB2C4D70A600FB733A /* Assets.xcassets */ = {isa = PBXFileReference; lastKnownFileType = folder.assetcatalog; path = Assets.xcassets; sourceTree = "<group>"; };
		FA5B32AE2C4D70A600FB733A /* Preview Assets.xcassets */ = {isa = PBXFileReference; lastKnownFileType = folder.assetcatalog; path = "Preview Assets.xcassets"; sourceTree = "<group>"; };
		FA5B32B52C4D74BB00FB733A /* CircleImage.swift */ = {isa = PBXFileReference; lastKnownFileType = sourcecode.swift; path = CircleImage.swift; sourceTree = "<group>"; };
		FA5B32B72C4D778E00FB733A /* MapView.swift */ = {isa = PBXFileReference; lastKnownFileType = sourcecode.swift; path = MapView.swift; sourceTree = "<group>"; };
		FA5B32B92C4D7CA700FB733A /* landmarkData.json */ = {isa = PBXFileReference; fileEncoding = 4; lastKnownFileType = text.json; path = landmarkData.json; sourceTree = "<group>"; };
		FA5B32BB2C4D7CC600FB733A /* Landmark.swift */ = {isa = PBXFileReference; lastKnownFileType = sourcecode.swift; path = Landmark.swift; sourceTree = "<group>"; };
		FA5B32BD2C4D7FDA00FB733A /* ModelData.swift */ = {isa = PBXFileReference; lastKnownFileType = sourcecode.swift; path = ModelData.swift; sourceTree = "<group>"; };
		FA5B32C22C4D833D00FB733A /* LandmarkRow.swift */ = {isa = PBXFileReference; lastKnownFileType = sourcecode.swift; path = LandmarkRow.swift; sourceTree = "<group>"; };
		FA5B32C62C4D896300FB733A /* LandmarkList.swift */ = {isa = PBXFileReference; lastKnownFileType = sourcecode.swift; path = LandmarkList.swift; sourceTree = "<group>"; };
		FA5B32C82C4D8C2E00FB733A /* LandmarkDetail.swift */ = {isa = PBXFileReference; lastKnownFileType = sourcecode.swift; path = LandmarkDetail.swift; sourceTree = "<group>"; };
/* End PBXFileReference section */

/* Begin PBXFrameworksBuildPhase section */
		FA5B32A12C4D70A400FB733A /* Frameworks */ = {
			isa = PBXFrameworksBuildPhase;
			buildActionMask = 2147483647;
			files = (
			);
			runOnlyForDeploymentPostprocessing = 0;
		};
/* End PBXFrameworksBuildPhase section */

/* Begin PBXGroup section */
		FA5B329B2C4D70A400FB733A = {
			isa = PBXGroup;
			children = (
				FA5B32A62C4D70A400FB733A /* Landmarks */,
				FA5B32A52C4D70A400FB733A /* Products */,
			);
			sourceTree = "<group>";
		};
		FA5B32A52C4D70A400FB733A /* Products */ = {
			isa = PBXGroup;
			children = (
				FA5B32A42C4D70A400FB733A /* Landmarks.app */,
			);
			name = Products;
			sourceTree = "<group>";
		};
		FA5B32A62C4D70A400FB733A /* Landmarks */ = {
			isa = PBXGroup;
			children = (
				FA5B32AB2C4D70A600FB733A /* Assets.xcassets */,
				FA5B32A72C4D70A400FB733A /* LandmarksApp.swift */,
				FA5B32C02C4D82B000FB733A /* Model */,
				FA5B32AD2C4D70A600FB733A /* Preview Content */,
				FA5B32C12C4D82D200FB733A /* Resources */,
				FA5B32BF2C4D827F00FB733A /* Views */,
			);
			path = Landmarks;
			sourceTree = "<group>";
		};
		FA5B32AD2C4D70A600FB733A /* Preview Content */ = {
			isa = PBXGroup;
			children = (
				FA5B32AE2C4D70A600FB733A /* Preview Assets.xcassets */,
			);
			path = "Preview Content";
			sourceTree = "<group>";
		};
		FA5B32BF2C4D827F00FB733A /* Views */ = {
			isa = PBXGroup;
			children = (
				FA5B32B72C4D778E00FB733A /* MapView.swift */,
				FA5B32A92C4D70A400FB733A /* ContentView.swift */,
				FA5B32B52C4D74BB00FB733A /* CircleImage.swift */,
				FA5B32C22C4D833D00FB733A /* LandmarkRow.swift */,
				FA5B32C62C4D896300FB733A /* LandmarkList.swift */,
				FA5B32C82C4D8C2E00FB733A /* LandmarkDetail.swift */,
			);
			path = Views;
			sourceTree = "<group>";
		};
		FA5B32C02C4D82B000FB733A /* Model */ = {
			isa = PBXGroup;
			children = (
				FA5B32BB2C4D7CC600FB733A /* Landmark.swift */,
				FA5B32BD2C4D7FDA00FB733A /* ModelData.swift */,
			);
			path = Model;
			sourceTree = "<group>";
		};
		FA5B32C12C4D82D200FB733A /* Resources */ = {
			isa = PBXGroup;
			children = (
				FA5B32B92C4D7CA700FB733A /* landmarkData.json */,
			);
			path = Resources;
			sourceTree = "<group>";
		};
/* End PBXGroup section */

/* Begin PBXNativeTarget section */
		FA5B32A32C4D70A400FB733A /* Landmarks */ = {
			isa = PBXNativeTarget;
			buildConfigurationList = FA5B32B22C4D70A600FB733A /* Build configuration list for PBXNativeTarget "Landmarks" */;
			buildPhases = (
				FA5B32A02C4D70A400FB733A /* Sources */,
				FA5B32A12C4D70A400FB733A /* Frameworks */,
				FA5B32A22C4D70A400FB733A /* Resources */,
			);
			buildRules = (
			);
			dependencies = (
			);
			name = Landmarks;
			productName = Landmarks;
			productReference = FA5B32A42C4D70A400FB733A /* Landmarks.app */;
			productType = "com.apple.product-type.application";
		};
/* End PBXNativeTarget section */

/* Begin PBXProject section */
		FA5B329C2C4D70A400FB733A /* Project object */ = {
			isa = PBXProject;
			attributes = {
				BuildIndependentTargetsInParallel = 1;
				LastSwiftUpdateCheck = 1540;
				LastUpgradeCheck = 1540;
				TargetAttributes = {
					FA5B32A32C4D70A400FB733A = {
						CreatedOnToolsVersion = 15.4;
					};
				};
			};
			buildConfigurationList = FA5B329F2C4D70A400FB733A /* Build configuration list for PBXProject "Landmarks" */;
			compatibilityVersion = "Xcode 14.0";
			developmentRegion = en;
			hasScannedForEncodings = 0;
			knownRegions = (
				en,
				Base,
			);
			mainGroup = FA5B329B2C4D70A400FB733A;
			productRefGroup = FA5B32A52C4D70A400FB733A /* Products */;
			projectDirPath = "";
			projectRoot = "";
			targets = (
				FA5B32A32C4D70A400FB733A /* Landmarks */,
			);
		};
/* End PBXProject section */

/* Begin PBXResourcesBuildPhase section */
		FA5B32A22C4D70A400FB733A /* Resources */ = {
			isa = PBXResourcesBuildPhase;
			buildActionMask = 2147483647;
			files = (
				FA5B32AF2C4D70A600FB733A /* Preview Assets.xcassets in Resources */,
				FA5B32AC2C4D70A600FB733A /* Assets.xcassets in Resources */,
				FA5B32BA2C4D7CA700FB733A /* landmarkData.json in Resources */,
			);
			runOnlyForDeploymentPostprocessing = 0;
		};
/* End PBXResourcesBuildPhase section */

/* Begin PBXSourcesBuildPhase section */
		FA5B32A02C4D70A400FB733A /* Sources */ = {
			isa = PBXSourcesBuildPhase;
			buildActionMask = 2147483647;
			files = (
				FA5B32AA2C4D70A400FB733A /* ContentView.swift in Sources */,
				FA5B32B82C4D778E00FB733A /* MapView.swift in Sources */,
				FA5B32A82C4D70A400FB733A /* LandmarksApp.swift in Sources */,
				FA5B32C72C4D896300FB733A /* LandmarkList.swift in Sources */,
				FA5B32C92C4D8C2E00FB733A /* LandmarkDetail.swift in Sources */,
				FA5B32B62C4D74BB00FB733A /* CircleImage.swift in Sources */,
				FA5B32BC2C4D7CC600FB733A /* Landmark.swift in Sources */,
				FA5B32C32C4D833D00FB733A /* LandmarkRow.swift in Sources */,
				FA5B32BE2C4D7FDA00FB733A /* ModelData.swift in Sources */,
			);
			runOnlyForDeploymentPostprocessing = 0;
		};
/* End PBXSourcesBuildPhase section */

/* Begin XCBuildConfiguration section */
		FA5B32B02C4D70A600FB733A /* Debug */ = {
			isa = XCBuildConfiguration;
			buildSettings = {
				ALWAYS_SEARCH_USER_PATHS = NO;
				ASSETCATALOG_COMPILER_GENERATE_SWIFT_ASSET_SYMBOL_EXTENSIONS = YES;
				CLANG_ANALYZER_NONNULL = YES;
				CLANG_ANALYZER_NUMBER_OBJECT_CONVERSION = YES_AGGRESSIVE;
				CLANG_CXX_LANGUAGE_STANDARD = "gnu++20";
				CLANG_ENABLE_MODULES = YES;
				CLANG_ENABLE_OBJC_ARC = YES;
				CLANG_ENABLE_OBJC_WEAK = YES;
				CLANG_WARN_BLOCK_CAPTURE_AUTORELEASING = YES;
				CLANG_WARN_BOOL_CONVERSION = YES;
				CLANG_WARN_COMMA = YES;
				CLANG_WARN_CONSTANT_CONVERSION = YES;
				CLANG_WARN_DEPRECATED_OBJC_IMPLEMENTATIONS = YES;
				CLANG_WARN_DIRECT_OBJC_ISA_USAGE = YES_ERROR;
				CLANG_WARN_DOCUMENTATION_COMMENTS = YES;
				CLANG_WARN_EMPTY_BODY = YES;
				CLANG_WARN_ENUM_CONVERSION = YES;
				CLANG_WARN_INFINITE_RECURSION = YES;
				CLANG_WARN_INT_CONVERSION = YES;
				CLANG_WARN_NON_LITERAL_NULL_CONVERSION = YES;
				CLANG_WARN_OBJC_IMPLICIT_RETAIN_SELF = YES;
				CLANG_WARN_OBJC_LITERAL_CONVERSION = YES;
				CLANG_WARN_OBJC_ROOT_CLASS = YES_ERROR;
				CLANG_WARN_QUOTED_INCLUDE_IN_FRAMEWORK_HEADER = YES;
				CLANG_WARN_RANGE_LOOP_ANALYSIS = YES;
				CLANG_WARN_STRICT_PROTOTYPES = YES;
				CLANG_WARN_SUSPICIOUS_MOVE = YES;
				CLANG_WARN_UNGUARDED_AVAILABILITY = YES_AGGRESSIVE;
				CLANG_WARN_UNREACHABLE_CODE = YES;
				CLANG_WARN__DUPLICATE_METHOD_MATCH = YES;
				COPY_PHASE_STRIP = NO;
				DEBUG_INFORMATION_FORMAT = dwarf;
				ENABLE_STRICT_OBJC_MSGSEND = YES;
				ENABLE_TESTABILITY = YES;
				ENABLE_USER_SCRIPT_SANDBOXING = YES;
				GCC_C_LANGUAGE_STANDARD = gnu17;
				GCC_DYNAMIC_NO_PIC = NO;
				GCC_NO_COMMON_BLOCKS = YES;
				GCC_OPTIMIZATION_LEVEL = 0;
				GCC_PREPROCESSOR_DEFINITIONS = (
					"DEBUG=1",
					"$(inherited)",
				);
				GCC_WARN_64_TO_32_BIT_CONVERSION = YES;
				GCC_WARN_ABOUT_RETURN_TYPE = YES_ERROR;
				GCC_WARN_UNDECLARED_SELECTOR = YES;
				GCC_WARN_UNINITIALIZED_AUTOS = YES_AGGRESSIVE;
				GCC_WARN_UNUSED_FUNCTION = YES;
				GCC_WARN_UNUSED_VARIABLE = YES;
				IPHONEOS_DEPLOYMENT_TARGET = 17.5;
				LOCALIZATION_PREFERS_STRING_CATALOGS = YES;
				MTL_ENABLE_DEBUG_INFO = INCLUDE_SOURCE;
				MTL_FAST_MATH = YES;
				ONLY_ACTIVE_ARCH = YES;
				SDKROOT = iphoneos;
				SWIFT_ACTIVE_COMPILATION_CONDITIONS = "DEBUG $(inherited)";
				SWIFT_OPTIMIZATION_LEVEL = "-Onone";
			};
			name = Debug;
		};
		FA5B32B12C4D70A600FB733A /* Release */ = {
			isa = XCBuildConfiguration;
			buildSettings = {
				ALWAYS_SEARCH_USER_PATHS = NO;
				ASSETCATALOG_COMPILER_GENERATE_SWIFT_ASSET_SYMBOL_EXTENSIONS = YES;
				CLANG_ANALYZER_NONNULL = YES;
				CLANG_ANALYZER_NUMBER_OBJECT_CONVERSION = YES_AGGRESSIVE;
				CLANG_CXX_LANGUAGE_STANDARD = "gnu++20";
				CLANG_ENABLE_MODULES = YES;
				CLANG_ENABLE_OBJC_ARC = YES;
				CLANG_ENABLE_OBJC_WEAK = YES;
				CLANG_WARN_BLOCK_CAPTURE_AUTORELEASING = YES;
				CLANG_WARN_BOOL_CONVERSION = YES;
				CLANG_WARN_COMMA = YES;
				CLANG_WARN_CONSTANT_CONVERSION = YES;
				CLANG_WARN_DEPRECATED_OBJC_IMPLEMENTATIONS = YES;
				CLANG_WARN_DIRECT_OBJC_ISA_USAGE = YES_ERROR;
				CLANG_WARN_DOCUMENTATION_COMMENTS = YES;
				CLANG_WARN_EMPTY_BODY = YES;
				CLANG_WARN_ENUM_CONVERSION = YES;
				CLANG_WARN_INFINITE_RECURSION = YES;
				CLANG_WARN_INT_CONVERSION = YES;
				CLANG_WARN_NON_LITERAL_NULL_CONVERSION = YES;
				CLANG_WARN_OBJC_IMPLICIT_RETAIN_SELF = YES;
				CLANG_WARN_OBJC_LITERAL_CONVERSION = YES;
				CLANG_WARN_OBJC_ROOT_CLASS = YES_ERROR;
				CLANG_WARN_QUOTED_INCLUDE_IN_FRAMEWORK_HEADER = YES;
				CLANG_WARN_RANGE_LOOP_ANALYSIS = YES;
				CLANG_WARN_STRICT_PROTOTYPES = YES;
				CLANG_WARN_SUSPICIOUS_MOVE = YES;
				CLANG_WARN_UNGUARDED_AVAILABILITY = YES_AGGRESSIVE;
				CLANG_WARN_UNREACHABLE_CODE = YES;
				CLANG_WARN__DUPLICATE_METHOD_MATCH = YES;
				COPY_PHASE_STRIP = NO;
				DEBUG_INFORMATION_FORMAT = "dwarf-with-dsym";
				ENABLE_NS_ASSERTIONS = NO;
				ENABLE_STRICT_OBJC_MSGSEND = YES;
				ENABLE_USER_SCRIPT_SANDBOXING = YES;
				GCC_C_LANGUAGE_STANDARD = gnu17;
				GCC_NO_COMMON_BLOCKS = YES;
				GCC_WARN_64_TO_32_BIT_CONVERSION = YES;
				GCC_WARN_ABOUT_RETURN_TYPE = YES_ERROR;
				GCC_WARN_UNDECLARED_SELECTOR = YES;
				GCC_WARN_UNINITIALIZED_AUTOS = YES_AGGRESSIVE;
				GCC_WARN_UNUSED_FUNCTION = YES;
				GCC_WARN_UNUSED_VARIABLE = YES;
				IPHONEOS_DEPLOYMENT_TARGET = 17.5;
				LOCALIZATION_PREFERS_STRING_CATALOGS = YES;
				MTL_ENABLE_DEBUG_INFO = NO;
				MTL_FAST_MATH = YES;
				SDKROOT = iphoneos;
				SWIFT_COMPILATION_MODE = wholemodule;
				VALIDATE_PRODUCT = YES;
			};
			name = Release;
		};
		FA5B32B32C4D70A600FB733A /* Debug */ = {
			isa = XCBuildConfiguration;
			buildSettings = {
				ASSETCATALOG_COMPILER_APPICON_NAME = AppIcon;
				ASSETCATALOG_COMPILER_GLOBAL_ACCENT_COLOR_NAME = AccentColor;
				CODE_SIGN_STYLE = Automatic;
				CURRENT_PROJECT_VERSION = 1;
				DEVELOPMENT_ASSET_PATHS = "\"Landmarks/Preview Content\"";
				ENABLE_PREVIEWS = YES;
				GENERATE_INFOPLIST_FILE = YES;
				INFOPLIST_KEY_UIApplicationSceneManifest_Generation = YES;
				INFOPLIST_KEY_UIApplicationSupportsIndirectInputEvents = YES;
				INFOPLIST_KEY_UILaunchScreen_Generation = YES;
				INFOPLIST_KEY_UISupportedInterfaceOrientations_iPad = "UIInterfaceOrientationPortrait UIInterfaceOrientationPortraitUpsideDown UIInterfaceOrientationLandscapeLeft UIInterfaceOrientationLandscapeRight";
				INFOPLIST_KEY_UISupportedInterfaceOrientations_iPhone = "UIInterfaceOrientationPortrait UIInterfaceOrientationLandscapeLeft UIInterfaceOrientationLandscapeRight";
				LD_RUNPATH_SEARCH_PATHS = (
					"$(inherited)",
					"@executable_path/Frameworks",
				);
				MARKETING_VERSION = 1.0;
				PRODUCT_BUNDLE_IDENTIFIER = com.salcedo.developer.ios.Landmarks;
				PRODUCT_NAME = "$(TARGET_NAME)";
				SWIFT_EMIT_LOC_STRINGS = YES;
				SWIFT_VERSION = 5.0;
				TARGETED_DEVICE_FAMILY = "1,2";
			};
			name = Debug;
		};
		FA5B32B42C4D70A600FB733A /* Release */ = {
			isa = XCBuildConfiguration;
			buildSettings = {
				ASSETCATALOG_COMPILER_APPICON_NAME = AppIcon;
				ASSETCATALOG_COMPILER_GLOBAL_ACCENT_COLOR_NAME = AccentColor;
				CODE_SIGN_STYLE = Automatic;
				CURRENT_PROJECT_VERSION = 1;
				DEVELOPMENT_ASSET_PATHS = "\"Landmarks/Preview Content\"";
				ENABLE_PREVIEWS = YES;
				GENERATE_INFOPLIST_FILE = YES;
				INFOPLIST_KEY_UIApplicationSceneManifest_Generation = YES;
				INFOPLIST_KEY_UIApplicationSupportsIndirectInputEvents = YES;
				INFOPLIST_KEY_UILaunchScreen_Generation = YES;
				INFOPLIST_KEY_UISupportedInterfaceOrientations_iPad = "UIInterfaceOrientationPortrait UIInterfaceOrientationPortraitUpsideDown UIInterfaceOrientationLandscapeLeft UIInterfaceOrientationLandscapeRight";
				INFOPLIST_KEY_UISupportedInterfaceOrientations_iPhone = "UIInterfaceOrientationPortrait UIInterfaceOrientationLandscapeLeft UIInterfaceOrientationLandscapeRight";
				LD_RUNPATH_SEARCH_PATHS = (
					"$(inherited)",
					"@executable_path/Frameworks",
				);
				MARKETING_VERSION = 1.0;
				PRODUCT_BUNDLE_IDENTIFIER = com.salcedo.developer.ios.Landmarks;
				PRODUCT_NAME = "$(TARGET_NAME)";
				SWIFT_EMIT_LOC_STRINGS = YES;
				SWIFT_VERSION = 5.0;
				TARGETED_DEVICE_FAMILY = "1,2";
			};
			name = Release;
		};
/* End XCBuildConfiguration section */

/* Begin XCConfigurationList section */
		FA5B329F2C4D70A400FB733A /* Build configuration list for PBXProject "Landmarks" */ = {
			isa = XCConfigurationList;
			buildConfigurations = (
				FA5B32B02C4D70A600FB733A /* Debug */,
				FA5B32B12C4D70A600FB733A /* Release */,
			);
			defaultConfigurationIsVisible = 0;
			defaultConfigurationName = Release;
		};
		FA5B32B22C4D70A600FB733A /* Build configuration list for PBXNativeTarget "Landmarks" */ = {
			isa = XCConfigurationList;
			buildConfigurations = (
				FA5B32B32C4D70A600FB733A /* Debug */,
				FA5B32B42C4D70A600FB733A /* Release */,
			);
			defaultConfigurationIsVisible = 0;
			defaultConfigurationName = Release;
		};
/* End XCConfigurationList section */
	};
	rootObject = FA5B329C2C4D70A400FB733A /* Project object */;
}
